// !$*UTF8*$!
{
	archiveVersion = 1;
	classes = {
	};
	objectVersion = 56;
	objects = {

/* Begin PBXBuildFile section */
		1BC8860B29C6704200ECB4C1 /* AppDelegate.swift in Sources */ = {isa = PBXBuildFile; fileRef = 1BC8860A29C6704200ECB4C1 /* AppDelegate.swift */; };
		1BC8860D29C6704200ECB4C1 /* SceneDelegate.swift in Sources */ = {isa = PBXBuildFile; fileRef = 1BC8860C29C6704200ECB4C1 /* SceneDelegate.swift */; };
		1BC8860F29C6704200ECB4C1 /* ViewController.swift in Sources */ = {isa = PBXBuildFile; fileRef = 1BC8860E29C6704200ECB4C1 /* ViewController.swift */; };
		1BC8861229C6704200ECB4C1 /* Main.storyboard in Resources */ = {isa = PBXBuildFile; fileRef = 1BC8861029C6704200ECB4C1 /* Main.storyboard */; };
		1BC8861429C6704400ECB4C1 /* Assets.xcassets in Resources */ = {isa = PBXBuildFile; fileRef = 1BC8861329C6704400ECB4C1 /* Assets.xcassets */; };
		1BC8861729C6704400ECB4C1 /* LaunchScreen.storyboard in Resources */ = {isa = PBXBuildFile; fileRef = 1BC8861529C6704400ECB4C1 /* LaunchScreen.storyboard */; };
		1BC8862029C670BD00ECB4C1 /* Constant.swift in Sources */ = {isa = PBXBuildFile; fileRef = 1BC8861F29C670BD00ECB4C1 /* Constant.swift */; };
		614B6F3188BF8C32E7F74305 /* Pods_MakeAPICall2.framework in Frameworks */ = {isa = PBXBuildFile; fileRef = 42765723ED049DE259E54658 /* Pods_MakeAPICall2.framework */; };
/* End PBXBuildFile section */

/* Begin PBXFileReference section */
		1BC8860729C6704200ECB4C1 /* MakeAPICall2.app */ = {isa = PBXFileReference; explicitFileType = wrapper.application; includeInIndex = 0; path = MakeAPICall2.app; sourceTree = BUILT_PRODUCTS_DIR; };
		1BC8860A29C6704200ECB4C1 /* AppDelegate.swift */ = {isa = PBXFileReference; lastKnownFileType = sourcecode.swift; path = AppDelegate.swift; sourceTree = "<group>"; };
		1BC8860C29C6704200ECB4C1 /* SceneDelegate.swift */ = {isa = PBXFileReference; lastKnownFileType = sourcecode.swift; path = SceneDelegate.swift; sourceTree = "<group>"; };
		1BC8860E29C6704200ECB4C1 /* ViewController.swift */ = {isa = PBXFileReference; lastKnownFileType = sourcecode.swift; path = ViewController.swift; sourceTree = "<group>"; };
		1BC8861129C6704200ECB4C1 /* Base */ = {isa = PBXFileReference; lastKnownFileType = file.storyboard; name = Base; path = Base.lproj/Main.storyboard; sourceTree = "<group>"; };
		1BC8861329C6704400ECB4C1 /* Assets.xcassets */ = {isa = PBXFileReference; lastKnownFileType = folder.assetcatalog; path = Assets.xcassets; sourceTree = "<group>"; };
		1BC8861629C6704400ECB4C1 /* Base */ = {isa = PBXFileReference; lastKnownFileType = file.storyboard; name = Base; path = Base.lproj/LaunchScreen.storyboard; sourceTree = "<group>"; };
		1BC8861829C6704400ECB4C1 /* Info.plist */ = {isa = PBXFileReference; lastKnownFileType = text.plist.xml; path = Info.plist; sourceTree = "<group>"; };
		1BC8861F29C670BD00ECB4C1 /* Constant.swift */ = {isa = PBXFileReference; lastKnownFileType = sourcecode.swift; path = Constant.swift; sourceTree = "<group>"; };
		42765723ED049DE259E54658 /* Pods_MakeAPICall2.framework */ = {isa = PBXFileReference; explicitFileType = wrapper.framework; includeInIndex = 0; path = Pods_MakeAPICall2.framework; sourceTree = BUILT_PRODUCTS_DIR; };
		8942144104D56280C96DC191 /* Pods-MakeAPICall2.release.xcconfig */ = {isa = PBXFileReference; includeInIndex = 1; lastKnownFileType = text.xcconfig; name = "Pods-MakeAPICall2.release.xcconfig"; path = "Target Support Files/Pods-MakeAPICall2/Pods-MakeAPICall2.release.xcconfig"; sourceTree = "<group>"; };
		9FC8C603DC3FA44E96A16EE4 /* Pods-MakeAPICall2.debug.xcconfig */ = {isa = PBXFileReference; includeInIndex = 1; lastKnownFileType = text.xcconfig; name = "Pods-MakeAPICall2.debug.xcconfig"; path = "Target Support Files/Pods-MakeAPICall2/Pods-MakeAPICall2.debug.xcconfig"; sourceTree = "<group>"; };
/* End PBXFileReference section */

/* Begin PBXFrameworksBuildPhase section */
		1BC8860429C6704200ECB4C1 /* Frameworks */ = {
			isa = PBXFrameworksBuildPhase;
			buildActionMask = 2147483647;
			files = (
				614B6F3188BF8C32E7F74305 /* Pods_MakeAPICall2.framework in Frameworks */,
			);
			runOnlyForDeploymentPostprocessing = 0;
		};
/* End PBXFrameworksBuildPhase section */

/* Begin PBXGroup section */
		1BC885FE29C6704200ECB4C1 = {
			isa = PBXGroup;
			children = (
				1BC8860929C6704200ECB4C1 /* MakeAPICall2 */,
				1BC8860829C6704200ECB4C1 /* Products */,
				69660C23FCBBF39971A8B6BB /* Pods */,
				E102DC4CAF8AAEDA73973838 /* Frameworks */,
			);
			sourceTree = "<group>";
		};
		1BC8860829C6704200ECB4C1 /* Products */ = {
			isa = PBXGroup;
			children = (
				1BC8860729C6704200ECB4C1 /* MakeAPICall2.app */,
			);
			name = Products;
			sourceTree = "<group>";
		};
		1BC8860929C6704200ECB4C1 /* MakeAPICall2 */ = {
			isa = PBXGroup;
			children = (
				1BC8861E29C6709A00ECB4C1 /* Utils */,
				1BC8860A29C6704200ECB4C1 /* AppDelegate.swift */,
				1BC8860C29C6704200ECB4C1 /* SceneDelegate.swift */,
				1BC8860E29C6704200ECB4C1 /* ViewController.swift */,
				1BC8861029C6704200ECB4C1 /* Main.storyboard */,
				1BC8861329C6704400ECB4C1 /* Assets.xcassets */,
				1BC8861529C6704400ECB4C1 /* LaunchScreen.storyboard */,
				1BC8861829C6704400ECB4C1 /* Info.plist */,
			);
			path = MakeAPICall2;
			sourceTree = "<group>";
		};
		1BC8861E29C6709A00ECB4C1 /* Utils */ = {
			isa = PBXGroup;
			children = (
				1BC8861F29C670BD00ECB4C1 /* Constant.swift */,
			);
			path = Utils;
			sourceTree = "<group>";
		};
		69660C23FCBBF39971A8B6BB /* Pods */ = {
			isa = PBXGroup;
			children = (
				9FC8C603DC3FA44E96A16EE4 /* Pods-MakeAPICall2.debug.xcconfig */,
				8942144104D56280C96DC191 /* Pods-MakeAPICall2.release.xcconfig */,
			);
			path = Pods;
			sourceTree = "<group>";
		};
		E102DC4CAF8AAEDA73973838 /* Frameworks */ = {
			isa = PBXGroup;
			children = (
				42765723ED049DE259E54658 /* Pods_MakeAPICall2.framework */,
			);
			name = Frameworks;
			sourceTree = "<group>";
		};
/* End PBXGroup section */

/* Begin PBXNativeTarget section */
		1BC8860629C6704200ECB4C1 /* MakeAPICall2 */ = {
			isa = PBXNativeTarget;
			buildConfigurationList = 1BC8861B29C6704400ECB4C1 /* Build configuration list for PBXNativeTarget "MakeAPICall2" */;
			buildPhases = (
				D12AD27A5713C40893F89D3A /* [CP] Check Pods Manifest.lock */,
				1BC8860329C6704200ECB4C1 /* Sources */,
				1BC8860429C6704200ECB4C1 /* Frameworks */,
				1BC8860529C6704200ECB4C1 /* Resources */,
				5DC7E9FCB260E2B93D8C925A /* [CP] Embed Pods Frameworks */,
			);
			buildRules = (
			);
			dependencies = (
			);
			name = MakeAPICall2;
			productName = MakeAPICall2;
			productReference = 1BC8860729C6704200ECB4C1 /* MakeAPICall2.app */;
			productType = "com.apple.product-type.application";
		};
/* End PBXNativeTarget section */

/* Begin PBXProject section */
		1BC885FF29C6704200ECB4C1 /* Project object */ = {
			isa = PBXProject;
			attributes = {
				BuildIndependentTargetsInParallel = 1;
				LastSwiftUpdateCheck = 1420;
				LastUpgradeCheck = 1420;
				TargetAttributes = {
					1BC8860629C6704200ECB4C1 = {
						CreatedOnToolsVersion = 14.2;
					};
				};
			};
			buildConfigurationList = 1BC8860229C6704200ECB4C1 /* Build configuration list for PBXProject "MakeAPICall2" */;
			compatibilityVersion = "Xcode 14.0";
			developmentRegion = en;
			hasScannedForEncodings = 0;
			knownRegions = (
				en,
				Base,
			);
			mainGroup = 1BC885FE29C6704200ECB4C1;
			productRefGroup = 1BC8860829C6704200ECB4C1 /* Products */;
			projectDirPath = "";
			projectRoot = "";
			targets = (
				1BC8860629C6704200ECB4C1 /* MakeAPICall2 */,
			);
		};
/* End PBXProject section */

/* Begin PBXResourcesBuildPhase section */
		1BC8860529C6704200ECB4C1 /* Resources */ = {
			isa = PBXResourcesBuildPhase;
			buildActionMask = 2147483647;
			files = (
				1BC8861729C6704400ECB4C1 /* LaunchScreen.storyboard in Resources */,
				1BC8861429C6704400ECB4C1 /* Assets.xcassets in Resources */,
				1BC8861229C6704200ECB4C1 /* Main.storyboard in Resources */,
			);
			runOnlyForDeploymentPostprocessing = 0;
		};
/* End PBXResourcesBuildPhase section */

/* Begin PBXShellScriptBuildPhase section */
		5DC7E9FCB260E2B93D8C925A /* [CP] Embed Pods Frameworks */ = {
			isa = PBXShellScriptBuildPhase;
			buildActionMask = 2147483647;
			files = (
			);
			inputFileListPaths = (
				"${PODS_ROOT}/Target Support Files/Pods-MakeAPICall2/Pods-MakeAPICall2-frameworks-${CONFIGURATION}-input-files.xcfilelist",
			);
			name = "[CP] Embed Pods Frameworks";
			outputFileListPaths = (
				"${PODS_ROOT}/Target Support Files/Pods-MakeAPICall2/Pods-MakeAPICall2-frameworks-${CONFIGURATION}-output-files.xcfilelist",
			);
			runOnlyForDeploymentPostprocessing = 0;
			shellPath = /bin/sh;
			shellScript = "\"${PODS_ROOT}/Target Support Files/Pods-MakeAPICall2/Pods-MakeAPICall2-frameworks.sh\"\n";
			showEnvVarsInLog = 0;
		};
		D12AD27A5713C40893F89D3A /* [CP] Check Pods Manifest.lock */ = {
			isa = PBXShellScriptBuildPhase;
			buildActionMask = 2147483647;
			files = (
			);
			inputFileListPaths = (
			);
			inputPaths = (
				"${PODS_PODFILE_DIR_PATH}/Podfile.lock",
				"${PODS_ROOT}/Manifest.lock",
			);
			name = "[CP] Check Pods Manifest.lock";
			outputFileListPaths = (
			);
			outputPaths = (
				"$(DERIVED_FILE_DIR)/Pods-MakeAPICall2-checkManifestLockResult.txt",
			);
			runOnlyForDeploymentPostprocessing = 0;
			shellPath = /bin/sh;
			shellScript = "diff \"${PODS_PODFILE_DIR_PATH}/Podfile.lock\" \"${PODS_ROOT}/Manifest.lock\" > /dev/null\nif [ $? != 0 ] ; then\n    # print error to STDERR\n    echo \"error: The sandbox is not in sync with the Podfile.lock. Run 'pod install' or update your CocoaPods installation.\" >&2\n    exit 1\nfi\n# This output is used by Xcode 'outputs' to avoid re-running this script phase.\necho \"SUCCESS\" > \"${SCRIPT_OUTPUT_FILE_0}\"\n";
			showEnvVarsInLog = 0;
		};
/* End PBXShellScriptBuildPhase section */

/* Begin PBXSourcesBuildPhase section */
		1BC8860329C6704200ECB4C1 /* Sources */ = {
			isa = PBXSourcesBuildPhase;
			buildActionMask = 2147483647;
			files = (
				1BC8860F29C6704200ECB4C1 /* ViewController.swift in Sources */,
				1BC8860B29C6704200ECB4C1 /* AppDelegate.swift in Sources */,
				1BC8860D29C6704200ECB4C1 /* SceneDelegate.swift in Sources */,
				1BC8862029C670BD00ECB4C1 /* Constant.swift in Sources */,
			);
			runOnlyForDeploymentPostprocessing = 0;
		};
/* End PBXSourcesBuildPhase section */

/* Begin PBXVariantGroup section */
		1BC8861029C6704200ECB4C1 /* Main.storyboard */ = {
			isa = PBXVariantGroup;
			children = (
				1BC8861129C6704200ECB4C1 /* Base */,
			);
			name = Main.storyboard;
			sourceTree = "<group>";
		};
		1BC8861529C6704400ECB4C1 /* LaunchScreen.storyboard */ = {
			isa = PBXVariantGroup;
			children = (
				1BC8861629C6704400ECB4C1 /* Base */,
			);
			name = LaunchScreen.storyboard;
			sourceTree = "<group>";
		};
/* End PBXVariantGroup section */

/* Begin XCBuildConfiguration section */
		1BC8861929C6704400ECB4C1 /* Debug */ = {
			isa = XCBuildConfiguration;
			buildSettings = {
				ALWAYS_SEARCH_USER_PATHS = NO;
				CLANG_ANALYZER_NONNULL = YES;
				CLANG_ANALYZER_NUMBER_OBJECT_CONVERSION = YES_AGGRESSIVE;
				CLANG_CXX_LANGUAGE_STANDARD = "gnu++20";
				CLANG_ENABLE_MODULES = YES;
				CLANG_ENABLE_OBJC_ARC = YES;
				CLANG_ENABLE_OBJC_WEAK = YES;
				CLANG_WARN_BLOCK_CAPTURE_AUTORELEASING = YES;
				CLANG_WARN_BOOL_CONVERSION = YES;
				CLANG_WARN_COMMA = YES;
				CLANG_WARN_CONSTANT_CONVERSION = YES;
				CLANG_WARN_DEPRECATED_OBJC_IMPLEMENTATIONS = YES;
				CLANG_WARN_DIRECT_OBJC_ISA_USAGE = YES_ERROR;
				CLANG_WARN_DOCUMENTATION_COMMENTS = YES;
				CLANG_WARN_EMPTY_BODY = YES;
				CLANG_WARN_ENUM_CONVERSION = YES;
				CLANG_WARN_INFINITE_RECURSION = YES;
				CLANG_WARN_INT_CONVERSION = YES;
				CLANG_WARN_NON_LITERAL_NULL_CONVERSION = YES;
				CLANG_WARN_OBJC_IMPLICIT_RETAIN_SELF = YES;
				CLANG_WARN_OBJC_LITERAL_CONVERSION = YES;
				CLANG_WARN_OBJC_ROOT_CLASS = YES_ERROR;
				CLANG_WARN_QUOTED_INCLUDE_IN_FRAMEWORK_HEADER = YES;
				CLANG_WARN_RANGE_LOOP_ANALYSIS = YES;
				CLANG_WARN_STRICT_PROTOTYPES = YES;
				CLANG_WARN_SUSPICIOUS_MOVE = YES;
				CLANG_WARN_UNGUARDED_AVAILABILITY = YES_AGGRESSIVE;
				CLANG_WARN_UNREACHABLE_CODE = YES;
				CLANG_WARN__DUPLICATE_METHOD_MATCH = YES;
				COPY_PHASE_STRIP = NO;
				DEBUG_INFORMATION_FORMAT = dwarf;
				ENABLE_STRICT_OBJC_MSGSEND = YES;
				ENABLE_TESTABILITY = YES;
				GCC_C_LANGUAGE_STANDARD = gnu11;
				GCC_DYNAMIC_NO_PIC = NO;
				GCC_NO_COMMON_BLOCKS = YES;
				GCC_OPTIMIZATION_LEVEL = 0;
				GCC_PREPROCESSOR_DEFINITIONS = (
					"DEBUG=1",
					"$(inherited)",
				);
				GCC_WARN_64_TO_32_BIT_CONVERSION = YES;
				GCC_WARN_ABOUT_RETURN_TYPE = YES_ERROR;
				GCC_WARN_UNDECLARED_SELECTOR = YES;
				GCC_WARN_UNINITIALIZED_AUTOS = YES_AGGRESSIVE;
				GCC_WARN_UNUSED_FUNCTION = YES;
				GCC_WARN_UNUSED_VARIABLE = YES;
				IPHONEOS_DEPLOYMENT_TARGET = 16.2;
				MTL_ENABLE_DEBUG_INFO = INCLUDE_SOURCE;
				MTL_FAST_MATH = YES;
				ONLY_ACTIVE_ARCH = YES;
				SDKROOT = iphoneos;
				SWIFT_ACTIVE_COMPILATION_CONDITIONS = DEBUG;
				SWIFT_OPTIMIZATION_LEVEL = "-Onone";
			};
			name = Debug;
		};
		1BC8861A29C6704400ECB4C1 /* Release */ = {
			isa = XCBuildConfiguration;
			buildSettings = {
				ALWAYS_SEARCH_USER_PATHS = NO;
				CLANG_ANALYZER_NONNULL = YES;
				CLANG_ANALYZER_NUMBER_OBJECT_CONVERSION = YES_AGGRESSIVE;
				CLANG_CXX_LANGUAGE_STANDARD = "gnu++20";
				CLANG_ENABLE_MODULES = YES;
				CLANG_ENABLE_OBJC_ARC = YES;
				CLANG_ENABLE_OBJC_WEAK = YES;
				CLANG_WARN_BLOCK_CAPTURE_AUTORELEASING = YES;
				CLANG_WARN_BOOL_CONVERSION = YES;
				CLANG_WARN_COMMA = YES;
				CLANG_WARN_CONSTANT_CONVERSION = YES;
				CLANG_WARN_DEPRECATED_OBJC_IMPLEMENTATIONS = YES;
				CLANG_WARN_DIRECT_OBJC_ISA_USAGE = YES_ERROR;
				CLANG_WARN_DOCUMENTATION_COMMENTS = YES;
				CLANG_WARN_EMPTY_BODY = YES;
				CLANG_WARN_ENUM_CONVERSION = YES;
				CLANG_WARN_INFINITE_RECURSION = YES;
				CLANG_WARN_INT_CONVERSION = YES;
				CLANG_WARN_NON_LITERAL_NULL_CONVERSION = YES;
				CLANG_WARN_OBJC_IMPLICIT_RETAIN_SELF = YES;
				CLANG_WARN_OBJC_LITERAL_CONVERSION = YES;
				CLANG_WARN_OBJC_ROOT_CLASS = YES_ERROR;
				CLANG_WARN_QUOTED_INCLUDE_IN_FRAMEWORK_HEADER = YES;
				CLANG_WARN_RANGE_LOOP_ANALYSIS = YES;
				CLANG_WARN_STRICT_PROTOTYPES = YES;
				CLANG_WARN_SUSPICIOUS_MOVE = YES;
				CLANG_WARN_UNGUARDED_AVAILABILITY = YES_AGGRESSIVE;
				CLANG_WARN_UNREACHABLE_CODE = YES;
				CLANG_WARN__DUPLICATE_METHOD_MATCH = YES;
				COPY_PHASE_STRIP = NO;
				DEBUG_INFORMATION_FORMAT = "dwarf-with-dsym";
				ENABLE_NS_ASSERTIONS = NO;
				ENABLE_STRICT_OBJC_MSGSEND = YES;
				GCC_C_LANGUAGE_STANDARD = gnu11;
				GCC_NO_COMMON_BLOCKS = YES;
				GCC_WARN_64_TO_32_BIT_CONVERSION = YES;
				GCC_WARN_ABOUT_RETURN_TYPE = YES_ERROR;
				GCC_WARN_UNDECLARED_SELECTOR = YES;
				GCC_WARN_UNINITIALIZED_AUTOS = YES_AGGRESSIVE;
				GCC_WARN_UNUSED_FUNCTION = YES;
				GCC_WARN_UNUSED_VARIABLE = YES;
				IPHONEOS_DEPLOYMENT_TARGET = 16.2;
				MTL_ENABLE_DEBUG_INFO = NO;
				MTL_FAST_MATH = YES;
				SDKROOT = iphoneos;
				SWIFT_COMPILATION_MODE = wholemodule;
				SWIFT_OPTIMIZATION_LEVEL = "-O";
				VALIDATE_PRODUCT = YES;
			};
			name = Release;
		};
		1BC8861C29C6704400ECB4C1 /* Debug */ = {
			isa = XCBuildConfiguration;
			baseConfigurationReference = 9FC8C603DC3FA44E96A16EE4 /* Pods-MakeAPICall2.debug.xcconfig */;
			buildSettings = {
				ASSETCATALOG_COMPILER_APPICON_NAME = AppIcon;
				ASSETCATALOG_COMPILER_GLOBAL_ACCENT_COLOR_NAME = AccentColor;
				CODE_SIGN_STYLE = Automatic;
				CURRENT_PROJECT_VERSION = 1;
				DEVELOPMENT_TEAM = W5MT7QQ9QH;
				GENERATE_INFOPLIST_FILE = YES;
				INFOPLIST_FILE = MakeAPICall2/Info.plist;
				INFOPLIST_KEY_UIApplicationSupportsIndirectInputEvents = YES;
				INFOPLIST_KEY_UILaunchStoryboardName = LaunchScreen;
				INFOPLIST_KEY_UIMainStoryboardFile = Main;
				INFOPLIST_KEY_UISupportedInterfaceOrientations_iPad = "UIInterfaceOrientationPortrait UIInterfaceOrientationPortraitUpsideDown UIInterfaceOrientationLandscapeLeft UIInterfaceOrientationLandscapeRight";
				INFOPLIST_KEY_UISupportedInterfaceOrientations_iPhone = "UIInterfaceOrientationPortrait UIInterfaceOrientationLandscapeLeft UIInterfaceOrientationLandscapeRight";
				LD_RUNPATH_SEARCH_PATHS = (
					"$(inherited)",
					"@executable_path/Frameworks",
				);
				MARKETING_VERSION = 1.0;
				PRODUCT_BUNDLE_IDENTIFIER = edu.northeastern.yao.MakeAPICall2;
				PRODUCT_NAME = "$(TARGET_NAME)";
				SWIFT_EMIT_LOC_STRINGS = YES;
				SWIFT_VERSION = 5.0;
				TARGETED_DEVICE_FAMILY = "1,2";
			};
			name = Debug;
		};
		1BC8861D29C6704400ECB4C1 /* Release */ = {
			isa = XCBuildConfiguration;
			baseConfigurationReference = 8942144104D56280C96DC191 /* Pods-MakeAPICall2.release.xcconfig */;
			buildSettings = {
				ASSETCATALOG_COMPILER_APPICON_NAME = AppIcon;
				ASSETCATALOG_COMPILER_GLOBAL_ACCENT_COLOR_NAME = AccentColor;
				CODE_SIGN_STYLE = Automatic;
				CURRENT_PROJECT_VERSION = 1;
				DEVELOPMENT_TEAM = W5MT7QQ9QH;
				GENERATE_INFOPLIST_FILE = YES;
				INFOPLIST_FILE = MakeAPICall2/Info.plist;
				INFOPLIST_KEY_UIApplicationSupportsIndirectInputEvents = YES;
				INFOPLIST_KEY_UILaunchStoryboardName = LaunchScreen;
				INFOPLIST_KEY_UIMainStoryboardFile = Main;
				INFOPLIST_KEY_UISupportedInterfaceOrientations_iPad = "UIInterfaceOrientationPortrait UIInterfaceOrientationPortraitUpsideDown UIInterfaceOrientationLandscapeLeft UIInterfaceOrientationLandscapeRight";
				INFOPLIST_KEY_UISupportedInterfaceOrientations_iPhone = "UIInterfaceOrientationPortrait UIInterfaceOrientationLandscapeLeft UIInterfaceOrientationLandscapeRight";
				LD_RUNPATH_SEARCH_PATHS = (
					"$(inherited)",
					"@executable_path/Frameworks",
				);
				MARKETING_VERSION = 1.0;
				PRODUCT_BUNDLE_IDENTIFIER = edu.northeastern.yao.MakeAPICall2;
				PRODUCT_NAME = "$(TARGET_NAME)";
				SWIFT_EMIT_LOC_STRINGS = YES;
				SWIFT_VERSION = 5.0;
				TARGETED_DEVICE_FAMILY = "1,2";
			};
			name = Release;
		};
/* End XCBuildConfiguration section */

/* Begin XCConfigurationList section */
		1BC8860229C6704200ECB4C1 /* Build configuration list for PBXProject "MakeAPICall2" */ = {
			isa = XCConfigurationList;
			buildConfigurations = (
				1BC8861929C6704400ECB4C1 /* Debug */,
				1BC8861A29C6704400ECB4C1 /* Release */,
			);
			defaultConfigurationIsVisible = 0;
			defaultConfigurationName = Release;
		};
		1BC8861B29C6704400ECB4C1 /* Build configuration list for PBXNativeTarget "MakeAPICall2" */ = {
			isa = XCConfigurationList;
			buildConfigurations = (
				1BC8861C29C6704400ECB4C1 /* Debug */,
				1BC8861D29C6704400ECB4C1 /* Release */,
			);
			defaultConfigurationIsVisible = 0;
			defaultConfigurationName = Release;
		};
/* End XCConfigurationList section */
	};
	rootObject = 1BC885FF29C6704200ECB4C1 /* Project object */;
}
